
Microsoft Visual Studio Solution File, Format Version 12.00
# Visual Studio 15
Project("{FAE04EC0-301F-11D3-BF4B-00C04F79EFBC}") = "Assembly-CSharp", "Assembly-CSharp.csproj", "{F5397E65-71E2-9A25-7068-21AEBAE0B6D7}"
EndProject
Project("{FAE04EC0-301F-11D3-BF4B-00C04F79EFBC}") = "Assembly-CSharp-Editor", "Assembly-CSharp-Editor.csproj", "{04E9A590-E873-DC65-3D32-71E4C815A1F1}"
EndProject
Global
	GlobalSection(SolutionConfigurationPlatforms) = preSolution
		Debug|Any CPU = Debug|Any CPU
		Release|Any CPU = Release|Any CPU
	EndGlobalSection
	GlobalSection(ProjectConfigurationPlatforms) = postSolution
		{F5397E65-71E2-9A25-7068-21AEBAE0B6D7}.Debug|Any CPU.ActiveCfg = Debug|Any CPU
		{F5397E65-71E2-9A25-7068-21AEBAE0B6D7}.Debug|Any CPU.Build.0 = Debug|Any CPU
		{F5397E65-71E2-9A25-7068-21AEBAE0B6D7}.Release|Any CPU.ActiveCfg = Release|Any CPU
		{F5397E65-71E2-9A25-7068-21AEBAE0B6D7}.Release|Any CPU.Build.0 = Release|Any CPU
		{04E9A590-E873-DC65-3D32-71E4C815A1F1}.Debug|Any CPU.ActiveCfg = Debug|Any CPU
		{04E9A590-E873-DC65-3D32-71E4C815A1F1}.Debug|Any CPU.Build.0 = Debug|Any CPU
		{04E9A590-E873-DC65-3D32-71E4C815A1F1}.Release|Any CPU.ActiveCfg = Release|Any CPU
		{04E9A590-E873-DC65-3D32-71E4C815A1F1}.Release|Any CPU.Build.0 = Release|Any CPU
	EndGlobalSection
	GlobalSection(SolutionProperties) = preSolution
		HideSolutionNode = FALSE
	EndGlobalSection
EndGlobal
